// !$*UTF8*$!
{
	archiveVersion = 1;
	classes = {
	};
	objectVersion = 56;
	objects = {

/* Begin PBXBuildFile section */
		4C2B0ECC2ADDDB8200693DC1 /* RetoIOSApp.swift in Sources */ = {isa = PBXBuildFile; fileRef = 4C2B0ECB2ADDDB8200693DC1 /* RetoIOSApp.swift */; };
		4C2B0ECE2ADDDB8200693DC1 /* ContentView.swift in Sources */ = {isa = PBXBuildFile; fileRef = 4C2B0ECD2ADDDB8200693DC1 /* ContentView.swift */; };
		4C2B0ED02ADDDB8500693DC1 /* Assets.xcassets in Resources */ = {isa = PBXBuildFile; fileRef = 4C2B0ECF2ADDDB8500693DC1 /* Assets.xcassets */; };
		4C2B0ED32ADDDB8500693DC1 /* Preview Assets.xcassets in Resources */ = {isa = PBXBuildFile; fileRef = 4C2B0ED22ADDDB8500693DC1 /* Preview Assets.xcassets */; };
		4C2B0EDD2ADDDB8600693DC1 /* RetoIOSTests.swift in Sources */ = {isa = PBXBuildFile; fileRef = 4C2B0EDC2ADDDB8600693DC1 /* RetoIOSTests.swift */; };
		4C2B0EE72ADDDB8600693DC1 /* RetoIOSUITests.swift in Sources */ = {isa = PBXBuildFile; fileRef = 4C2B0EE62ADDDB8600693DC1 /* RetoIOSUITests.swift */; };
		4C2B0EE92ADDDB8600693DC1 /* RetoIOSUITestsLaunchTests.swift in Sources */ = {isa = PBXBuildFile; fileRef = 4C2B0EE82ADDDB8600693DC1 /* RetoIOSUITestsLaunchTests.swift */; };
		4C3693612AF309B30026CC52 /* Homepage.swift in Sources */ = {isa = PBXBuildFile; fileRef = 4C3693602AF309B30026CC52 /* Homepage.swift */; };
		4C3693652AF30AF10026CC52 /* HPdatos.swift in Sources */ = {isa = PBXBuildFile; fileRef = 4C3693642AF30AF10026CC52 /* HPdatos.swift */; };
		4C3693672AF30B070026CC52 /* HPcalendario.swift in Sources */ = {isa = PBXBuildFile; fileRef = 4C3693662AF30B070026CC52 /* HPcalendario.swift */; };
		4C3693692AF30B330026CC52 /* HPusuario.swift in Sources */ = {isa = PBXBuildFile; fileRef = 4C3693682AF30B330026CC52 /* HPusuario.swift */; };
		4C36936B2AF436240026CC52 /* RegistroDatos.swift in Sources */ = {isa = PBXBuildFile; fileRef = 4C36936A2AF436240026CC52 /* RegistroDatos.swift */; };
		4C36C7712AF5881500876275 /* DatoSeguir.swift in Sources */ = {isa = PBXBuildFile; fileRef = 4C36C7702AF5881500876275 /* DatoSeguir.swift */; };
		4C36C7732AF590E900876275 /* DatoDetalle.swift in Sources */ = {isa = PBXBuildFile; fileRef = 4C36C7722AF590E900876275 /* DatoDetalle.swift */; };
		4C36C7752AF5AB6000876275 /* ComoTeSientes.swift in Sources */ = {isa = PBXBuildFile; fileRef = 4C36C7742AF5AB6000876275 /* ComoTeSientes.swift */; };
		4C36C7772AFC3ED900876275 /* UltimosDias.swift in Sources */ = {isa = PBXBuildFile; fileRef = 4C36C7762AFC3ED900876275 /* UltimosDias.swift */; };
		4C6652992B074350004230D8 /* Usuario.swift in Sources */ = {isa = PBXBuildFile; fileRef = 4C6652982B074350004230D8 /* Usuario.swift */; };
		4CCA40E32B02E7D500F954DF /* DetalleDia.swift in Sources */ = {isa = PBXBuildFile; fileRef = 4CCA40E22B02E7D500F954DF /* DetalleDia.swift */; };
		BB0C33252AF48C9400AD93F7 /* CrearCuenta1.swift in Sources */ = {isa = PBXBuildFile; fileRef = BB0C33242AF48C9400AD93F7 /* CrearCuenta1.swift */; };
		BB0C33272AF594AA00AD93F7 /* CrearCuenta2.swift in Sources */ = {isa = PBXBuildFile; fileRef = BB0C33262AF594AA00AD93F7 /* CrearCuenta2.swift */; };
		BB0C33292AF59F4300AD93F7 /* AgregarAntecedente.swift in Sources */ = {isa = PBXBuildFile; fileRef = BB0C33282AF59F4300AD93F7 /* AgregarAntecedente.swift */; };
		BB0C332B2AF59F9A00AD93F7 /* Antecedentes.swift in Sources */ = {isa = PBXBuildFile; fileRef = BB0C332A2AF59F9A00AD93F7 /* Antecedentes.swift */; };
		BB41F1482ADF45840088D1C5 /* Prefabs.swift in Sources */ = {isa = PBXBuildFile; fileRef = BB41F1472ADF45840088D1C5 /* Prefabs.swift */; };
		BBF993132AFC2930008AC049 /* SplashScreenView.swift in Sources */ = {isa = PBXBuildFile; fileRef = BBF993122AFC2930008AC049 /* SplashScreenView.swift */; };
		FB9CDA822AFEDF0C007A44BD /* HPcalendariodatos.swift in Sources */ = {isa = PBXBuildFile; fileRef = FB9CDA812AFEDF0C007A44BD /* HPcalendariodatos.swift */; };
/* End PBXBuildFile section */

/* Begin PBXContainerItemProxy section */
		4C2B0ED92ADDDB8600693DC1 /* PBXContainerItemProxy */ = {
			isa = PBXContainerItemProxy;
			containerPortal = 4C2B0EC02ADDDB8200693DC1 /* Project object */;
			proxyType = 1;
			remoteGlobalIDString = 4C2B0EC72ADDDB8200693DC1;
			remoteInfo = RetoIOS;
		};
		4C2B0EE32ADDDB8600693DC1 /* PBXContainerItemProxy */ = {
			isa = PBXContainerItemProxy;
			containerPortal = 4C2B0EC02ADDDB8200693DC1 /* Project object */;
			proxyType = 1;
			remoteGlobalIDString = 4C2B0EC72ADDDB8200693DC1;
			remoteInfo = RetoIOS;
		};
/* End PBXContainerItemProxy section */

/* Begin PBXFileReference section */
		4C2B0EC82ADDDB8200693DC1 /* RetoIOS.app */ = {isa = PBXFileReference; explicitFileType = wrapper.application; includeInIndex = 0; path = RetoIOS.app; sourceTree = BUILT_PRODUCTS_DIR; };
		4C2B0ECB2ADDDB8200693DC1 /* RetoIOSApp.swift */ = {isa = PBXFileReference; lastKnownFileType = sourcecode.swift; path = RetoIOSApp.swift; sourceTree = "<group>"; };
		4C2B0ECD2ADDDB8200693DC1 /* ContentView.swift */ = {isa = PBXFileReference; lastKnownFileType = sourcecode.swift; path = ContentView.swift; sourceTree = "<group>"; };
		4C2B0ECF2ADDDB8500693DC1 /* Assets.xcassets */ = {isa = PBXFileReference; lastKnownFileType = folder.assetcatalog; path = Assets.xcassets; sourceTree = "<group>"; };
		4C2B0ED22ADDDB8500693DC1 /* Preview Assets.xcassets */ = {isa = PBXFileReference; lastKnownFileType = folder.assetcatalog; path = "Preview Assets.xcassets"; sourceTree = "<group>"; };
		4C2B0ED82ADDDB8600693DC1 /* RetoIOSTests.xctest */ = {isa = PBXFileReference; explicitFileType = wrapper.cfbundle; includeInIndex = 0; path = RetoIOSTests.xctest; sourceTree = BUILT_PRODUCTS_DIR; };
		4C2B0EDC2ADDDB8600693DC1 /* RetoIOSTests.swift */ = {isa = PBXFileReference; lastKnownFileType = sourcecode.swift; path = RetoIOSTests.swift; sourceTree = "<group>"; };
		4C2B0EE22ADDDB8600693DC1 /* RetoIOSUITests.xctest */ = {isa = PBXFileReference; explicitFileType = wrapper.cfbundle; includeInIndex = 0; path = RetoIOSUITests.xctest; sourceTree = BUILT_PRODUCTS_DIR; };
		4C2B0EE62ADDDB8600693DC1 /* RetoIOSUITests.swift */ = {isa = PBXFileReference; lastKnownFileType = sourcecode.swift; path = RetoIOSUITests.swift; sourceTree = "<group>"; };
		4C2B0EE82ADDDB8600693DC1 /* RetoIOSUITestsLaunchTests.swift */ = {isa = PBXFileReference; lastKnownFileType = sourcecode.swift; path = RetoIOSUITestsLaunchTests.swift; sourceTree = "<group>"; };
		4C3693602AF309B30026CC52 /* Homepage.swift */ = {isa = PBXFileReference; lastKnownFileType = sourcecode.swift; path = Homepage.swift; sourceTree = "<group>"; };
		4C3693642AF30AF10026CC52 /* HPdatos.swift */ = {isa = PBXFileReference; lastKnownFileType = sourcecode.swift; path = HPdatos.swift; sourceTree = "<group>"; };
		4C3693662AF30B070026CC52 /* HPcalendario.swift */ = {isa = PBXFileReference; lastKnownFileType = sourcecode.swift; path = HPcalendario.swift; sourceTree = "<group>"; };
		4C3693682AF30B330026CC52 /* HPusuario.swift */ = {isa = PBXFileReference; lastKnownFileType = sourcecode.swift; path = HPusuario.swift; sourceTree = "<group>"; };
		4C36936A2AF436240026CC52 /* RegistroDatos.swift */ = {isa = PBXFileReference; lastKnownFileType = sourcecode.swift; path = RegistroDatos.swift; sourceTree = "<group>"; };
		4C36C7702AF5881500876275 /* DatoSeguir.swift */ = {isa = PBXFileReference; lastKnownFileType = sourcecode.swift; path = DatoSeguir.swift; sourceTree = "<group>"; };
		4C36C7722AF590E900876275 /* DatoDetalle.swift */ = {isa = PBXFileReference; lastKnownFileType = sourcecode.swift; path = DatoDetalle.swift; sourceTree = "<group>"; };
		4C36C7742AF5AB6000876275 /* ComoTeSientes.swift */ = {isa = PBXFileReference; lastKnownFileType = sourcecode.swift; path = ComoTeSientes.swift; sourceTree = "<group>"; };
		4C36C7762AFC3ED900876275 /* UltimosDias.swift */ = {isa = PBXFileReference; lastKnownFileType = sourcecode.swift; path = UltimosDias.swift; sourceTree = "<group>"; };
		4C6652982B074350004230D8 /* Usuario.swift */ = {isa = PBXFileReference; lastKnownFileType = sourcecode.swift; path = Usuario.swift; sourceTree = "<group>"; };
		4CCA40E22B02E7D500F954DF /* DetalleDia.swift */ = {isa = PBXFileReference; lastKnownFileType = sourcecode.swift; path = DetalleDia.swift; sourceTree = "<group>"; };
		BB0C33242AF48C9400AD93F7 /* CrearCuenta1.swift */ = {isa = PBXFileReference; lastKnownFileType = sourcecode.swift; path = CrearCuenta1.swift; sourceTree = "<group>"; };
		BB0C33262AF594AA00AD93F7 /* CrearCuenta2.swift */ = {isa = PBXFileReference; lastKnownFileType = sourcecode.swift; path = CrearCuenta2.swift; sourceTree = "<group>"; };
		BB0C33282AF59F4300AD93F7 /* AgregarAntecedente.swift */ = {isa = PBXFileReference; lastKnownFileType = sourcecode.swift; path = AgregarAntecedente.swift; sourceTree = "<group>"; };
		BB0C332A2AF59F9A00AD93F7 /* Antecedentes.swift */ = {isa = PBXFileReference; lastKnownFileType = sourcecode.swift; path = Antecedentes.swift; sourceTree = "<group>"; };
		BB41F1472ADF45840088D1C5 /* Prefabs.swift */ = {isa = PBXFileReference; lastKnownFileType = sourcecode.swift; path = Prefabs.swift; sourceTree = "<group>"; };
		BBF993122AFC2930008AC049 /* SplashScreenView.swift */ = {isa = PBXFileReference; lastKnownFileType = sourcecode.swift; path = SplashScreenView.swift; sourceTree = "<group>"; };
		FB9CDA812AFEDF0C007A44BD /* HPcalendariodatos.swift */ = {isa = PBXFileReference; lastKnownFileType = sourcecode.swift; path = HPcalendariodatos.swift; sourceTree = "<group>"; };
/* End PBXFileReference section */

/* Begin PBXFrameworksBuildPhase section */
		4C2B0EC52ADDDB8200693DC1 /* Frameworks */ = {
			isa = PBXFrameworksBuildPhase;
			buildActionMask = 2147483647;
			files = (
			);
			runOnlyForDeploymentPostprocessing = 0;
		};
		4C2B0ED52ADDDB8600693DC1 /* Frameworks */ = {
			isa = PBXFrameworksBuildPhase;
			buildActionMask = 2147483647;
			files = (
			);
			runOnlyForDeploymentPostprocessing = 0;
		};
		4C2B0EDF2ADDDB8600693DC1 /* Frameworks */ = {
			isa = PBXFrameworksBuildPhase;
			buildActionMask = 2147483647;
			files = (
			);
			runOnlyForDeploymentPostprocessing = 0;
		};
/* End PBXFrameworksBuildPhase section */

/* Begin PBXGroup section */
		4C2B0EBF2ADDDB8200693DC1 = {
			isa = PBXGroup;
			children = (
				4C2B0ECA2ADDDB8200693DC1 /* RetoIOS */,
				4C2B0EDB2ADDDB8600693DC1 /* RetoIOSTests */,
				4C2B0EE52ADDDB8600693DC1 /* RetoIOSUITests */,
				4C2B0EC92ADDDB8200693DC1 /* Products */,
			);
			sourceTree = "<group>";
		};
		4C2B0EC92ADDDB8200693DC1 /* Products */ = {
			isa = PBXGroup;
			children = (
				4C2B0EC82ADDDB8200693DC1 /* RetoIOS.app */,
				4C2B0ED82ADDDB8600693DC1 /* RetoIOSTests.xctest */,
				4C2B0EE22ADDDB8600693DC1 /* RetoIOSUITests.xctest */,
			);
			name = Products;
			sourceTree = "<group>";
		};
		4C2B0ECA2ADDDB8200693DC1 /* RetoIOS */ = {
			isa = PBXGroup;
			children = (
				BB9B491D2AFDB6B00057C9BB /* App */,
				BB9B491C2AFDB6A20057C9BB /* Inicio */,
				BB9B491B2AFDB6370057C9BB /* Classes */,
				4C2B0ECB2ADDDB8200693DC1 /* RetoIOSApp.swift */,
				4C2B0ECF2ADDDB8500693DC1 /* Assets.xcassets */,
				4C2B0ED12ADDDB8500693DC1 /* Preview Content */,
			);
			path = RetoIOS;
			sourceTree = "<group>";
		};
		4C2B0ED12ADDDB8500693DC1 /* Preview Content */ = {
			isa = PBXGroup;
			children = (
				4C2B0ED22ADDDB8500693DC1 /* Preview Assets.xcassets */,
			);
			path = "Preview Content";
			sourceTree = "<group>";
		};
		4C2B0EDB2ADDDB8600693DC1 /* RetoIOSTests */ = {
			isa = PBXGroup;
			children = (
				4C2B0EDC2ADDDB8600693DC1 /* RetoIOSTests.swift */,
			);
			path = RetoIOSTests;
			sourceTree = "<group>";
		};
		4C2B0EE52ADDDB8600693DC1 /* RetoIOSUITests */ = {
			isa = PBXGroup;
			children = (
				4C2B0EE62ADDDB8600693DC1 /* RetoIOSUITests.swift */,
				4C2B0EE82ADDDB8600693DC1 /* RetoIOSUITestsLaunchTests.swift */,
			);
			path = RetoIOSUITests;
			sourceTree = "<group>";
		};
		BB9B491B2AFDB6370057C9BB /* Classes */ = {
			isa = PBXGroup;
			children = (
				BB0C332A2AF59F9A00AD93F7 /* Antecedentes.swift */,
				4C36936A2AF436240026CC52 /* RegistroDatos.swift */,
				4C36C7702AF5881500876275 /* DatoSeguir.swift */,
				BB41F1472ADF45840088D1C5 /* Prefabs.swift */,
				4C6652982B074350004230D8 /* Usuario.swift */,
			);
			path = Classes;
			sourceTree = "<group>";
		};
		BB9B491C2AFDB6A20057C9BB /* Inicio */ = {
			isa = PBXGroup;
			children = (
				BB0C33282AF59F4300AD93F7 /* AgregarAntecedente.swift */,
				4C2B0ECD2ADDDB8200693DC1 /* ContentView.swift */,
				BB0C33242AF48C9400AD93F7 /* CrearCuenta1.swift */,
				BB0C33262AF594AA00AD93F7 /* CrearCuenta2.swift */,
				BBF993122AFC2930008AC049 /* SplashScreenView.swift */,
			);
			path = Inicio;
			sourceTree = "<group>";
		};
		BB9B491D2AFDB6B00057C9BB /* App */ = {
			isa = PBXGroup;
			children = (
				4C3693602AF309B30026CC52 /* Homepage.swift */,
				4C36C7722AF590E900876275 /* DatoDetalle.swift */,
				4C36C7762AFC3ED900876275 /* UltimosDias.swift */,
				4C36C7742AF5AB6000876275 /* ComoTeSientes.swift */,
				4C3693682AF30B330026CC52 /* HPusuario.swift */,
				4C3693662AF30B070026CC52 /* HPcalendario.swift */,
				FB9CDA812AFEDF0C007A44BD /* HPcalendariodatos.swift */,
				4C3693642AF30AF10026CC52 /* HPdatos.swift */,
				4CCA40E22B02E7D500F954DF /* DetalleDia.swift */,
			);
			path = App;
			sourceTree = "<group>";
		};
/* End PBXGroup section */

/* Begin PBXNativeTarget section */
		4C2B0EC72ADDDB8200693DC1 /* RetoIOS */ = {
			isa = PBXNativeTarget;
			buildConfigurationList = 4C2B0EEC2ADDDB8600693DC1 /* Build configuration list for PBXNativeTarget "RetoIOS" */;
			buildPhases = (
				4C2B0EC42ADDDB8200693DC1 /* Sources */,
				4C2B0EC52ADDDB8200693DC1 /* Frameworks */,
				4C2B0EC62ADDDB8200693DC1 /* Resources */,
			);
			buildRules = (
			);
			dependencies = (
			);
			name = RetoIOS;
			productName = RetoIOS;
			productReference = 4C2B0EC82ADDDB8200693DC1 /* RetoIOS.app */;
			productType = "com.apple.product-type.application";
		};
		4C2B0ED72ADDDB8600693DC1 /* RetoIOSTests */ = {
			isa = PBXNativeTarget;
			buildConfigurationList = 4C2B0EEF2ADDDB8600693DC1 /* Build configuration list for PBXNativeTarget "RetoIOSTests" */;
			buildPhases = (
				4C2B0ED42ADDDB8600693DC1 /* Sources */,
				4C2B0ED52ADDDB8600693DC1 /* Frameworks */,
				4C2B0ED62ADDDB8600693DC1 /* Resources */,
			);
			buildRules = (
			);
			dependencies = (
				4C2B0EDA2ADDDB8600693DC1 /* PBXTargetDependency */,
			);
			name = RetoIOSTests;
			productName = RetoIOSTests;
			productReference = 4C2B0ED82ADDDB8600693DC1 /* RetoIOSTests.xctest */;
			productType = "com.apple.product-type.bundle.unit-test";
		};
		4C2B0EE12ADDDB8600693DC1 /* RetoIOSUITests */ = {
			isa = PBXNativeTarget;
			buildConfigurationList = 4C2B0EF22ADDDB8600693DC1 /* Build configuration list for PBXNativeTarget "RetoIOSUITests" */;
			buildPhases = (
				4C2B0EDE2ADDDB8600693DC1 /* Sources */,
				4C2B0EDF2ADDDB8600693DC1 /* Frameworks */,
				4C2B0EE02ADDDB8600693DC1 /* Resources */,
			);
			buildRules = (
			);
			dependencies = (
				4C2B0EE42ADDDB8600693DC1 /* PBXTargetDependency */,
			);
			name = RetoIOSUITests;
			productName = RetoIOSUITests;
			productReference = 4C2B0EE22ADDDB8600693DC1 /* RetoIOSUITests.xctest */;
			productType = "com.apple.product-type.bundle.ui-testing";
		};
/* End PBXNativeTarget section */

/* Begin PBXProject section */
		4C2B0EC02ADDDB8200693DC1 /* Project object */ = {
			isa = PBXProject;
			attributes = {
				BuildIndependentTargetsInParallel = 1;
				LastSwiftUpdateCheck = 1420;
				LastUpgradeCheck = 1500;
				TargetAttributes = {
					4C2B0EC72ADDDB8200693DC1 = {
						CreatedOnToolsVersion = 14.2;
					};
					4C2B0ED72ADDDB8600693DC1 = {
						CreatedOnToolsVersion = 14.2;
						TestTargetID = 4C2B0EC72ADDDB8200693DC1;
					};
					4C2B0EE12ADDDB8600693DC1 = {
						CreatedOnToolsVersion = 14.2;
						TestTargetID = 4C2B0EC72ADDDB8200693DC1;
					};
				};
			};
			buildConfigurationList = 4C2B0EC32ADDDB8200693DC1 /* Build configuration list for PBXProject "RetoIOS" */;
			compatibilityVersion = "Xcode 14.0";
			developmentRegion = en;
			hasScannedForEncodings = 0;
			knownRegions = (
				en,
				Base,
			);
			mainGroup = 4C2B0EBF2ADDDB8200693DC1;
			productRefGroup = 4C2B0EC92ADDDB8200693DC1 /* Products */;
			projectDirPath = "";
			projectRoot = "";
			targets = (
				4C2B0EC72ADDDB8200693DC1 /* RetoIOS */,
				4C2B0ED72ADDDB8600693DC1 /* RetoIOSTests */,
				4C2B0EE12ADDDB8600693DC1 /* RetoIOSUITests */,
			);
		};
/* End PBXProject section */

/* Begin PBXResourcesBuildPhase section */
		4C2B0EC62ADDDB8200693DC1 /* Resources */ = {
			isa = PBXResourcesBuildPhase;
			buildActionMask = 2147483647;
			files = (
				4C2B0ED32ADDDB8500693DC1 /* Preview Assets.xcassets in Resources */,
				4C2B0ED02ADDDB8500693DC1 /* Assets.xcassets in Resources */,
			);
			runOnlyForDeploymentPostprocessing = 0;
		};
		4C2B0ED62ADDDB8600693DC1 /* Resources */ = {
			isa = PBXResourcesBuildPhase;
			buildActionMask = 2147483647;
			files = (
			);
			runOnlyForDeploymentPostprocessing = 0;
		};
		4C2B0EE02ADDDB8600693DC1 /* Resources */ = {
			isa = PBXResourcesBuildPhase;
			buildActionMask = 2147483647;
			files = (
			);
			runOnlyForDeploymentPostprocessing = 0;
		};
/* End PBXResourcesBuildPhase section */

/* Begin PBXSourcesBuildPhase section */
		4C2B0EC42ADDDB8200693DC1 /* Sources */ = {
			isa = PBXSourcesBuildPhase;
			buildActionMask = 2147483647;
			files = (
				BB0C332B2AF59F9A00AD93F7 /* Antecedentes.swift in Sources */,
				BB0C33252AF48C9400AD93F7 /* CrearCuenta1.swift in Sources */,
				4C36C7772AFC3ED900876275 /* UltimosDias.swift in Sources */,
				4C36C7732AF590E900876275 /* DatoDetalle.swift in Sources */,
				4C3693652AF30AF10026CC52 /* HPdatos.swift in Sources */,
				4C36C7712AF5881500876275 /* DatoSeguir.swift in Sources */,
				4C3693692AF30B330026CC52 /* HPusuario.swift in Sources */,
				4C2B0ECE2ADDDB8200693DC1 /* ContentView.swift in Sources */,
				4C6652992B074350004230D8 /* Usuario.swift in Sources */,
				BB0C33292AF59F4300AD93F7 /* AgregarAntecedente.swift in Sources */,
				4C2B0ECC2ADDDB8200693DC1 /* RetoIOSApp.swift in Sources */,
				BB0C33272AF594AA00AD93F7 /* CrearCuenta2.swift in Sources */,
				BBF993132AFC2930008AC049 /* SplashScreenView.swift in Sources */,
				FB9CDA822AFEDF0C007A44BD /* HPcalendariodatos.swift in Sources */,
				4C3693672AF30B070026CC52 /* HPcalendario.swift in Sources */,
				4C2B0ECC2ADDDB8200693DC1 /* RetoIOSApp.swift in Sources */,
				4C36C7752AF5AB6000876275 /* ComoTeSientes.swift in Sources */,
				4C36936B2AF436240026CC52 /* RegistroDatos.swift in Sources */,
				4C3693612AF309B30026CC52 /* Homepage.swift in Sources */,
				4CCA40E32B02E7D500F954DF /* DetalleDia.swift in Sources */,
				BB41F1482ADF45840088D1C5 /* Prefabs.swift in Sources */,
			);
			runOnlyForDeploymentPostprocessing = 0;
		};
		4C2B0ED42ADDDB8600693DC1 /* Sources */ = {
			isa = PBXSourcesBuildPhase;
			buildActionMask = 2147483647;
			files = (
				4C2B0EDD2ADDDB8600693DC1 /* RetoIOSTests.swift in Sources */,
			);
			runOnlyForDeploymentPostprocessing = 0;
		};
		4C2B0EDE2ADDDB8600693DC1 /* Sources */ = {
			isa = PBXSourcesBuildPhase;
			buildActionMask = 2147483647;
			files = (
				4C2B0EE92ADDDB8600693DC1 /* RetoIOSUITestsLaunchTests.swift in Sources */,
				4C2B0EE72ADDDB8600693DC1 /* RetoIOSUITests.swift in Sources */,
			);
			runOnlyForDeploymentPostprocessing = 0;
		};
/* End PBXSourcesBuildPhase section */

/* Begin PBXTargetDependency section */
		4C2B0EDA2ADDDB8600693DC1 /* PBXTargetDependency */ = {
			isa = PBXTargetDependency;
			target = 4C2B0EC72ADDDB8200693DC1 /* RetoIOS */;
			targetProxy = 4C2B0ED92ADDDB8600693DC1 /* PBXContainerItemProxy */;
		};
		4C2B0EE42ADDDB8600693DC1 /* PBXTargetDependency */ = {
			isa = PBXTargetDependency;
			target = 4C2B0EC72ADDDB8200693DC1 /* RetoIOS */;
			targetProxy = 4C2B0EE32ADDDB8600693DC1 /* PBXContainerItemProxy */;
		};
/* End PBXTargetDependency section */

/* Begin XCBuildConfiguration section */
		4C2B0EEA2ADDDB8600693DC1 /* Debug */ = {
			isa = XCBuildConfiguration;
			buildSettings = {
				ALWAYS_SEARCH_USER_PATHS = NO;
				CLANG_ANALYZER_NONNULL = YES;
				CLANG_ANALYZER_NUMBER_OBJECT_CONVERSION = YES_AGGRESSIVE;
				CLANG_CXX_LANGUAGE_STANDARD = "gnu++20";
				CLANG_ENABLE_MODULES = YES;
				CLANG_ENABLE_OBJC_ARC = YES;
				CLANG_ENABLE_OBJC_WEAK = YES;
				CLANG_WARN_BLOCK_CAPTURE_AUTORELEASING = YES;
				CLANG_WARN_BOOL_CONVERSION = YES;
				CLANG_WARN_COMMA = YES;
				CLANG_WARN_CONSTANT_CONVERSION = YES;
				CLANG_WARN_DEPRECATED_OBJC_IMPLEMENTATIONS = YES;
				CLANG_WARN_DIRECT_OBJC_ISA_USAGE = YES_ERROR;
				CLANG_WARN_DOCUMENTATION_COMMENTS = YES;
				CLANG_WARN_EMPTY_BODY = YES;
				CLANG_WARN_ENUM_CONVERSION = YES;
				CLANG_WARN_INFINITE_RECURSION = YES;
				CLANG_WARN_INT_CONVERSION = YES;
				CLANG_WARN_NON_LITERAL_NULL_CONVERSION = YES;
				CLANG_WARN_OBJC_IMPLICIT_RETAIN_SELF = YES;
				CLANG_WARN_OBJC_LITERAL_CONVERSION = YES;
				CLANG_WARN_OBJC_ROOT_CLASS = YES_ERROR;
				CLANG_WARN_QUOTED_INCLUDE_IN_FRAMEWORK_HEADER = YES;
				CLANG_WARN_RANGE_LOOP_ANALYSIS = YES;
				CLANG_WARN_STRICT_PROTOTYPES = YES;
				CLANG_WARN_SUSPICIOUS_MOVE = YES;
				CLANG_WARN_UNGUARDED_AVAILABILITY = YES_AGGRESSIVE;
				CLANG_WARN_UNREACHABLE_CODE = YES;
				CLANG_WARN__DUPLICATE_METHOD_MATCH = YES;
				COPY_PHASE_STRIP = NO;
				DEBUG_INFORMATION_FORMAT = dwarf;
				ENABLE_STRICT_OBJC_MSGSEND = YES;
				ENABLE_TESTABILITY = YES;
				ENABLE_USER_SCRIPT_SANDBOXING = YES;
				GCC_C_LANGUAGE_STANDARD = gnu11;
				GCC_DYNAMIC_NO_PIC = NO;
				GCC_NO_COMMON_BLOCKS = YES;
				GCC_OPTIMIZATION_LEVEL = 0;
				GCC_PREPROCESSOR_DEFINITIONS = (
					"DEBUG=1",
					"$(inherited)",
				);
				GCC_WARN_64_TO_32_BIT_CONVERSION = YES;
				GCC_WARN_ABOUT_RETURN_TYPE = YES_ERROR;
				GCC_WARN_UNDECLARED_SELECTOR = YES;
				GCC_WARN_UNINITIALIZED_AUTOS = YES_AGGRESSIVE;
				GCC_WARN_UNUSED_FUNCTION = YES;
				GCC_WARN_UNUSED_VARIABLE = YES;
				IPHONEOS_DEPLOYMENT_TARGET = 16.2;
				MTL_ENABLE_DEBUG_INFO = INCLUDE_SOURCE;
				MTL_FAST_MATH = YES;
				ONLY_ACTIVE_ARCH = YES;
				SDKROOT = iphoneos;
				SWIFT_ACTIVE_COMPILATION_CONDITIONS = DEBUG;
				SWIFT_OPTIMIZATION_LEVEL = "-Onone";
			};
			name = Debug;
		};
		4C2B0EEB2ADDDB8600693DC1 /* Release */ = {
			isa = XCBuildConfiguration;
			buildSettings = {
				ALWAYS_SEARCH_USER_PATHS = NO;
				CLANG_ANALYZER_NONNULL = YES;
				CLANG_ANALYZER_NUMBER_OBJECT_CONVERSION = YES_AGGRESSIVE;
				CLANG_CXX_LANGUAGE_STANDARD = "gnu++20";
				CLANG_ENABLE_MODULES = YES;
				CLANG_ENABLE_OBJC_ARC = YES;
				CLANG_ENABLE_OBJC_WEAK = YES;
				CLANG_WARN_BLOCK_CAPTURE_AUTORELEASING = YES;
				CLANG_WARN_BOOL_CONVERSION = YES;
				CLANG_WARN_COMMA = YES;
				CLANG_WARN_CONSTANT_CONVERSION = YES;
				CLANG_WARN_DEPRECATED_OBJC_IMPLEMENTATIONS = YES;
				CLANG_WARN_DIRECT_OBJC_ISA_USAGE = YES_ERROR;
				CLANG_WARN_DOCUMENTATION_COMMENTS = YES;
				CLANG_WARN_EMPTY_BODY = YES;
				CLANG_WARN_ENUM_CONVERSION = YES;
				CLANG_WARN_INFINITE_RECURSION = YES;
				CLANG_WARN_INT_CONVERSION = YES;
				CLANG_WARN_NON_LITERAL_NULL_CONVERSION = YES;
				CLANG_WARN_OBJC_IMPLICIT_RETAIN_SELF = YES;
				CLANG_WARN_OBJC_LITERAL_CONVERSION = YES;
				CLANG_WARN_OBJC_ROOT_CLASS = YES_ERROR;
				CLANG_WARN_QUOTED_INCLUDE_IN_FRAMEWORK_HEADER = YES;
				CLANG_WARN_RANGE_LOOP_ANALYSIS = YES;
				CLANG_WARN_STRICT_PROTOTYPES = YES;
				CLANG_WARN_SUSPICIOUS_MOVE = YES;
				CLANG_WARN_UNGUARDED_AVAILABILITY = YES_AGGRESSIVE;
				CLANG_WARN_UNREACHABLE_CODE = YES;
				CLANG_WARN__DUPLICATE_METHOD_MATCH = YES;
				COPY_PHASE_STRIP = NO;
				DEBUG_INFORMATION_FORMAT = "dwarf-with-dsym";
				ENABLE_NS_ASSERTIONS = NO;
				ENABLE_STRICT_OBJC_MSGSEND = YES;
				ENABLE_USER_SCRIPT_SANDBOXING = YES;
				GCC_C_LANGUAGE_STANDARD = gnu11;
				GCC_NO_COMMON_BLOCKS = YES;
				GCC_WARN_64_TO_32_BIT_CONVERSION = YES;
				GCC_WARN_ABOUT_RETURN_TYPE = YES_ERROR;
				GCC_WARN_UNDECLARED_SELECTOR = YES;
				GCC_WARN_UNINITIALIZED_AUTOS = YES_AGGRESSIVE;
				GCC_WARN_UNUSED_FUNCTION = YES;
				GCC_WARN_UNUSED_VARIABLE = YES;
				IPHONEOS_DEPLOYMENT_TARGET = 16.2;
				MTL_ENABLE_DEBUG_INFO = NO;
				MTL_FAST_MATH = YES;
				SDKROOT = iphoneos;
				SWIFT_COMPILATION_MODE = wholemodule;
				SWIFT_OPTIMIZATION_LEVEL = "-O";
				VALIDATE_PRODUCT = YES;
			};
			name = Release;
		};
		4C2B0EED2ADDDB8600693DC1 /* Debug */ = {
			isa = XCBuildConfiguration;
			buildSettings = {
				ASSETCATALOG_COMPILER_APPICON_NAME = AppIcon;
				ASSETCATALOG_COMPILER_GLOBAL_ACCENT_COLOR_NAME = AccentColor;
				CODE_SIGN_STYLE = Automatic;
				CURRENT_PROJECT_VERSION = 1;
				DEVELOPMENT_ASSET_PATHS = "\"RetoIOS/Preview Content\"";
				DEVELOPMENT_TEAM = "";
				ENABLE_PREVIEWS = YES;
				GENERATE_INFOPLIST_FILE = YES;
				INFOPLIST_KEY_UIApplicationSceneManifest_Generation = YES;
				INFOPLIST_KEY_UIApplicationSupportsIndirectInputEvents = YES;
				INFOPLIST_KEY_UILaunchScreen_Generation = YES;
				INFOPLIST_KEY_UISupportedInterfaceOrientations_iPad = "UIInterfaceOrientationPortrait UIInterfaceOrientationPortraitUpsideDown UIInterfaceOrientationLandscapeLeft UIInterfaceOrientationLandscapeRight";
				INFOPLIST_KEY_UISupportedInterfaceOrientations_iPhone = "UIInterfaceOrientationPortrait UIInterfaceOrientationLandscapeLeft UIInterfaceOrientationLandscapeRight";
				LD_RUNPATH_SEARCH_PATHS = (
					"$(inherited)",
					"@executable_path/Frameworks",
				);
				MARKETING_VERSION = 1.0;
				PRODUCT_BUNDLE_IDENTIFIER = Tec.RetoIOS;
				PRODUCT_NAME = "$(TARGET_NAME)";
				SWIFT_EMIT_LOC_STRINGS = YES;
				SWIFT_VERSION = 5.0;
				TARGETED_DEVICE_FAMILY = "1,2";
			};
			name = Debug;
		};
		4C2B0EEE2ADDDB8600693DC1 /* Release */ = {
			isa = XCBuildConfiguration;
			buildSettings = {
				ASSETCATALOG_COMPILER_APPICON_NAME = AppIcon;
				ASSETCATALOG_COMPILER_GLOBAL_ACCENT_COLOR_NAME = AccentColor;
				CODE_SIGN_STYLE = Automatic;
				CURRENT_PROJECT_VERSION = 1;
				DEVELOPMENT_ASSET_PATHS = "\"RetoIOS/Preview Content\"";
				DEVELOPMENT_TEAM = "";
				ENABLE_PREVIEWS = YES;
				GENERATE_INFOPLIST_FILE = YES;
				INFOPLIST_KEY_UIApplicationSceneManifest_Generation = YES;
				INFOPLIST_KEY_UIApplicationSupportsIndirectInputEvents = YES;
				INFOPLIST_KEY_UILaunchScreen_Generation = YES;
				INFOPLIST_KEY_UISupportedInterfaceOrientations_iPad = "UIInterfaceOrientationPortrait UIInterfaceOrientationPortraitUpsideDown UIInterfaceOrientationLandscapeLeft UIInterfaceOrientationLandscapeRight";
				INFOPLIST_KEY_UISupportedInterfaceOrientations_iPhone = "UIInterfaceOrientationPortrait UIInterfaceOrientationLandscapeLeft UIInterfaceOrientationLandscapeRight";
				LD_RUNPATH_SEARCH_PATHS = (
					"$(inherited)",
					"@executable_path/Frameworks",
				);
				MARKETING_VERSION = 1.0;
				PRODUCT_BUNDLE_IDENTIFIER = Tec.RetoIOS;
				PRODUCT_NAME = "$(TARGET_NAME)";
				SWIFT_EMIT_LOC_STRINGS = YES;
				SWIFT_VERSION = 5.0;
				TARGETED_DEVICE_FAMILY = "1,2";
			};
			name = Release;
		};
		4C2B0EF02ADDDB8600693DC1 /* Debug */ = {
			isa = XCBuildConfiguration;
			buildSettings = {
				ALWAYS_EMBED_SWIFT_STANDARD_LIBRARIES = YES;
				BUNDLE_LOADER = "$(TEST_HOST)";
				CODE_SIGN_STYLE = Automatic;
				CURRENT_PROJECT_VERSION = 1;
				GENERATE_INFOPLIST_FILE = YES;
				IPHONEOS_DEPLOYMENT_TARGET = 16.2;
				MARKETING_VERSION = 1.0;
				PRODUCT_BUNDLE_IDENTIFIER = Tec.RetoIOSTests;
				PRODUCT_NAME = "$(TARGET_NAME)";
				SWIFT_EMIT_LOC_STRINGS = NO;
				SWIFT_VERSION = 5.0;
				TARGETED_DEVICE_FAMILY = "1,2";
				TEST_HOST = "$(BUILT_PRODUCTS_DIR)/RetoIOS.app/$(BUNDLE_EXECUTABLE_FOLDER_PATH)/RetoIOS";
			};
			name = Debug;
		};
		4C2B0EF12ADDDB8600693DC1 /* Release */ = {
			isa = XCBuildConfiguration;
			buildSettings = {
				ALWAYS_EMBED_SWIFT_STANDARD_LIBRARIES = YES;
				BUNDLE_LOADER = "$(TEST_HOST)";
				CODE_SIGN_STYLE = Automatic;
				CURRENT_PROJECT_VERSION = 1;
				GENERATE_INFOPLIST_FILE = YES;
				IPHONEOS_DEPLOYMENT_TARGET = 16.2;
				MARKETING_VERSION = 1.0;
				PRODUCT_BUNDLE_IDENTIFIER = Tec.RetoIOSTests;
				PRODUCT_NAME = "$(TARGET_NAME)";
				SWIFT_EMIT_LOC_STRINGS = NO;
				SWIFT_VERSION = 5.0;
				TARGETED_DEVICE_FAMILY = "1,2";
				TEST_HOST = "$(BUILT_PRODUCTS_DIR)/RetoIOS.app/$(BUNDLE_EXECUTABLE_FOLDER_PATH)/RetoIOS";
			};
			name = Release;
		};
		4C2B0EF32ADDDB8600693DC1 /* Debug */ = {
			isa = XCBuildConfiguration;
			buildSettings = {
				ALWAYS_EMBED_SWIFT_STANDARD_LIBRARIES = YES;
				CODE_SIGN_STYLE = Automatic;
				CURRENT_PROJECT_VERSION = 1;
				GENERATE_INFOPLIST_FILE = YES;
				MARKETING_VERSION = 1.0;
				PRODUCT_BUNDLE_IDENTIFIER = Tec.RetoIOSUITests;
				PRODUCT_NAME = "$(TARGET_NAME)";
				SWIFT_EMIT_LOC_STRINGS = NO;
				SWIFT_VERSION = 5.0;
				TARGETED_DEVICE_FAMILY = "1,2";
				TEST_TARGET_NAME = RetoIOS;
			};
			name = Debug;
		};
		4C2B0EF42ADDDB8600693DC1 /* Release */ = {
			isa = XCBuildConfiguration;
			buildSettings = {
				ALWAYS_EMBED_SWIFT_STANDARD_LIBRARIES = YES;
				CODE_SIGN_STYLE = Automatic;
				CURRENT_PROJECT_VERSION = 1;
				GENERATE_INFOPLIST_FILE = YES;
				MARKETING_VERSION = 1.0;
				PRODUCT_BUNDLE_IDENTIFIER = Tec.RetoIOSUITests;
				PRODUCT_NAME = "$(TARGET_NAME)";
				SWIFT_EMIT_LOC_STRINGS = NO;
				SWIFT_VERSION = 5.0;
				TARGETED_DEVICE_FAMILY = "1,2";
				TEST_TARGET_NAME = RetoIOS;
			};
			name = Release;
		};
/* End XCBuildConfiguration section */

/* Begin XCConfigurationList section */
		4C2B0EC32ADDDB8200693DC1 /* Build configuration list for PBXProject "RetoIOS" */ = {
			isa = XCConfigurationList;
			buildConfigurations = (
				4C2B0EEA2ADDDB8600693DC1 /* Debug */,
				4C2B0EEB2ADDDB8600693DC1 /* Release */,
			);
			defaultConfigurationIsVisible = 0;
			defaultConfigurationName = Release;
		};
		4C2B0EEC2ADDDB8600693DC1 /* Build configuration list for PBXNativeTarget "RetoIOS" */ = {
			isa = XCConfigurationList;
			buildConfigurations = (
				4C2B0EED2ADDDB8600693DC1 /* Debug */,
				4C2B0EEE2ADDDB8600693DC1 /* Release */,
			);
			defaultConfigurationIsVisible = 0;
			defaultConfigurationName = Release;
		};
		4C2B0EEF2ADDDB8600693DC1 /* Build configuration list for PBXNativeTarget "RetoIOSTests" */ = {
			isa = XCConfigurationList;
			buildConfigurations = (
				4C2B0EF02ADDDB8600693DC1 /* Debug */,
				4C2B0EF12ADDDB8600693DC1 /* Release */,
			);
			defaultConfigurationIsVisible = 0;
			defaultConfigurationName = Release;
		};
		4C2B0EF22ADDDB8600693DC1 /* Build configuration list for PBXNativeTarget "RetoIOSUITests" */ = {
			isa = XCConfigurationList;
			buildConfigurations = (
				4C2B0EF32ADDDB8600693DC1 /* Debug */,
				4C2B0EF42ADDDB8600693DC1 /* Release */,
			);
			defaultConfigurationIsVisible = 0;
			defaultConfigurationName = Release;
		};
/* End XCConfigurationList section */
	};
	rootObject = 4C2B0EC02ADDDB8200693DC1 /* Project object */;
}
